
Microsoft Visual Studio Solution File, Format Version 12.00
# Visual Studio Version 17
VisualStudioVersion = 17.3.32804.467
MinimumVisualStudioVersion = 10.0.40219.1
Project("{FAE04EC0-301F-11D3-BF4B-00C04F79EFBC}") = "RomanNumerals", "RomanNumerals\RomanNumerals.csproj", "{D13A2E24-8947-4F2B-9374-AECF8827D628}"
EndProject
Project("{FAE04EC0-301F-11D3-BF4B-00C04F79EFBC}") = "RomanNumeralsTests", "RomanNumeralsTests\RomanNumeralsTests.csproj", "{AB96A0E9-136D-4775-936F-63E10039047C}"
EndProject
Global
	GlobalSection(SolutionConfigurationPlatforms) = preSolution
		Debug|Any CPU = Debug|Any CPU
		Release|Any CPU = Release|Any CPU
	EndGlobalSection
	GlobalSection(ProjectConfigurationPlatforms) = postSolution
		{D13A2E24-8947-4F2B-9374-AECF8827D628}.Debug|Any CPU.ActiveCfg = Debug|Any CPU
		{D13A2E24-8947-4F2B-9374-AECF8827D628}.Debug|Any CPU.Build.0 = Debug|Any CPU
		{D13A2E24-8947-4F2B-9374-AECF8827D628}.Release|Any CPU.ActiveCfg = Release|Any CPU
		{D13A2E24-8947-4F2B-9374-AECF8827D628}.Release|Any CPU.Build.0 = Release|Any CPU
		{AB96A0E9-136D-4775-936F-63E10039047C}.Debug|Any CPU.ActiveCfg = Debug|Any CPU
		{AB96A0E9-136D-4775-936F-63E10039047C}.Debug|Any CPU.Build.0 = Debug|Any CPU
		{AB96A0E9-136D-4775-936F-63E10039047C}.Release|Any CPU.ActiveCfg = Release|Any CPU
		{AB96A0E9-136D-4775-936F-63E10039047C}.Release|Any CPU.Build.0 = Release|Any CPU
	EndGlobalSection
	GlobalSection(SolutionProperties) = preSolution
		HideSolutionNode = FALSE
	EndGlobalSection
	GlobalSection(ExtensibilityGlobals) = postSolution
		SolutionGuid = {B445D85D-EA69-4C80-B15E-D50AF2757C6E}
	EndGlobalSection
EndGlobal
